
Microsoft Visual Studio Solution File, Format Version 12.00
# Visual Studio Version 16
VisualStudioVersion = 16.0.29306.81
MinimumVisualStudioVersion = 10.0.40219.1
Project("{F184B08F-C81C-45F6-A57F-5ABD9991F28F}") = "JogoDaMemória", "JogoDaMemória.vbproj", "{7D43E504-0082-4768-B895-09860B1AB387}"
EndProject
Global
	GlobalSection(SolutionConfigurationPlatforms) = preSolution
		Debug|Any CPU = Debug|Any CPU
		Release|Any CPU = Release|Any CPU
	EndGlobalSection
	GlobalSection(ProjectConfigurationPlatforms) = postSolution
		{7D43E504-0082-4768-B895-09860B1AB387}.Debug|Any CPU.ActiveCfg = Debug|Any CPU
		{7D43E504-0082-4768-B895-09860B1AB387}.Debug|Any CPU.Build.0 = Debug|Any CPU
		{7D43E504-0082-4768-B895-09860B1AB387}.Release|Any CPU.ActiveCfg = Release|Any CPU
		{7D43E504-0082-4768-B895-09860B1AB387}.Release|Any CPU.Build.0 = Release|Any CPU
	EndGlobalSection
	GlobalSection(SolutionProperties) = preSolution
		HideSolutionNode = FALSE
	EndGlobalSection
	GlobalSection(ExtensibilityGlobals) = postSolution
		SolutionGuid = {47515C11-649F-457B-8A25-68688C22F973}
	EndGlobalSection
EndGlobal
